
Microsoft Visual Studio Solution File, Format Version 12.00
# Visual Studio Version 17
VisualStudioVersion = 17.3.32929.385
MinimumVisualStudioVersion = 10.0.40219.1
Project("{9A19103F-16F7-4668-BE54-9A1E7A4F7556}") = "AdFit.API", "AdFit.API\AdFit.API.csproj", "{38AC12D6-9E07-4735-85D3-CF860BC0466F}"
EndProject
Project("{9A19103F-16F7-4668-BE54-9A1E7A4F7556}") = "AdFit.Data", "AdFit.Data\AdFit.Data.csproj", "{02CB04EA-56C5-4032-9DE4-9637205276D4}"
EndProject
Project("{9A19103F-16F7-4668-BE54-9A1E7A4F7556}") = "AdFit.Core", "AdFit.Core\AdFit.Core.csproj", "{CDDD110E-E84A-4D11-8B81-AD10A0F18F71}"
EndProject
Project("{9A19103F-16F7-4668-BE54-9A1E7A4F7556}") = "AdFit.Service", "AdFit.Service\AdFit.Service.csproj", "{B8E2DBD2-E388-45E0-BFA6-A2DF682CEC83}"
EndProject
Global
	GlobalSection(SolutionConfigurationPlatforms) = preSolution
		Debug|Any CPU = Debug|Any CPU
		Release|Any CPU = Release|Any CPU
	EndGlobalSection
	GlobalSection(ProjectConfigurationPlatforms) = postSolution
		{38AC12D6-9E07-4735-85D3-CF860BC0466F}.Debug|Any CPU.ActiveCfg = Debug|Any CPU
		{38AC12D6-9E07-4735-85D3-CF860BC0466F}.Debug|Any CPU.Build.0 = Debug|Any CPU
		{38AC12D6-9E07-4735-85D3-CF860BC0466F}.Release|Any CPU.ActiveCfg = Release|Any CPU
		{38AC12D6-9E07-4735-85D3-CF860BC0466F}.Release|Any CPU.Build.0 = Release|Any CPU
		{02CB04EA-56C5-4032-9DE4-9637205276D4}.Debug|Any CPU.ActiveCfg = Debug|Any CPU
		{02CB04EA-56C5-4032-9DE4-9637205276D4}.Debug|Any CPU.Build.0 = Debug|Any CPU
		{02CB04EA-56C5-4032-9DE4-9637205276D4}.Release|Any CPU.ActiveCfg = Release|Any CPU
		{02CB04EA-56C5-4032-9DE4-9637205276D4}.Release|Any CPU.Build.0 = Release|Any CPU
		{CDDD110E-E84A-4D11-8B81-AD10A0F18F71}.Debug|Any CPU.ActiveCfg = Debug|Any CPU
		{CDDD110E-E84A-4D11-8B81-AD10A0F18F71}.Debug|Any CPU.Build.0 = Debug|Any CPU
		{CDDD110E-E84A-4D11-8B81-AD10A0F18F71}.Release|Any CPU.ActiveCfg = Release|Any CPU
		{CDDD110E-E84A-4D11-8B81-AD10A0F18F71}.Release|Any CPU.Build.0 = Release|Any CPU
		{B8E2DBD2-E388-45E0-BFA6-A2DF682CEC83}.Debug|Any CPU.ActiveCfg = Debug|Any CPU
		{B8E2DBD2-E388-45E0-BFA6-A2DF682CEC83}.Debug|Any CPU.Build.0 = Debug|Any CPU
		{B8E2DBD2-E388-45E0-BFA6-A2DF682CEC83}.Release|Any CPU.ActiveCfg = Release|Any CPU
		{B8E2DBD2-E388-45E0-BFA6-A2DF682CEC83}.Release|Any CPU.Build.0 = Release|Any CPU
	EndGlobalSection
	GlobalSection(SolutionProperties) = preSolution
		HideSolutionNode = FALSE
	EndGlobalSection
	GlobalSection(ExtensibilityGlobals) = postSolution
		SolutionGuid = {7F801087-A17F-4F64-940D-080EA6A3B0B7}
	EndGlobalSection
EndGlobal
